// !$*UTF8*$!
{
	archiveVersion = 1;
	classes = {
	};
	objectVersion = 56;
	objects = {

/* Begin PBXBuildFile section */
		443B91C82CD895E1009A196A /* 4.wav in Resources */ = {isa = PBXBuildFile; fileRef = 443B91BB2CD895E1009A196A /* 4.wav */; };
		443B91C92CD895E1009A196A /* 9.wav in Resources */ = {isa = PBXBuildFile; fileRef = 443B91C02CD895E1009A196A /* 9.wav */; };
		443B91CA2CD895E1009A196A /* 11.wav in Resources */ = {isa = PBXBuildFile; fileRef = 443B91C22CD895E1009A196A /* 11.wav */; };
		443B91CB2CD895E1009A196A /* a2.wav in Resources */ = {isa = PBXBuildFile; fileRef = 443B91C52CD895E1009A196A /* a2.wav */; };
		443B91CC2CD895E1009A196A /* 8.wav in Resources */ = {isa = PBXBuildFile; fileRef = 443B91BF2CD895E1009A196A /* 8.wav */; };
		443B91CD2CD895E1009A196A /* 10.wav in Resources */ = {isa = PBXBuildFile; fileRef = 443B91C12CD895E1009A196A /* 10.wav */; };
		443B91CE2CD895E1009A196A /* 12.wav in Resources */ = {isa = PBXBuildFile; fileRef = 443B91C32CD895E1009A196A /* 12.wav */; };
		443B91CF2CD895E1009A196A /* a4.wav in Resources */ = {isa = PBXBuildFile; fileRef = 443B91C72CD895E1009A196A /* a4.wav */; };
		443B91D02CD895E1009A196A /* 7.wav in Resources */ = {isa = PBXBuildFile; fileRef = 443B91BE2CD895E1009A196A /* 7.wav */; };
		443B91D12CD895E1009A196A /* a1.wav in Resources */ = {isa = PBXBuildFile; fileRef = 443B91C42CD895E1009A196A /* a1.wav */; };
		443B91D22CD895E1009A196A /* 3.wav in Resources */ = {isa = PBXBuildFile; fileRef = 443B91BA2CD895E1009A196A /* 3.wav */; };
		443B91D32CD895E1009A196A /* 2.wav in Resources */ = {isa = PBXBuildFile; fileRef = 443B91B92CD895E1009A196A /* 2.wav */; };
		443B91D42CD895E1009A196A /* 6.wav in Resources */ = {isa = PBXBuildFile; fileRef = 443B91BD2CD895E1009A196A /* 6.wav */; };
		443B91D52CD895E1009A196A /* 5.wav in Resources */ = {isa = PBXBuildFile; fileRef = 443B91BC2CD895E1009A196A /* 5.wav */; };
		443B91D62CD895E1009A196A /* a3.wav in Resources */ = {isa = PBXBuildFile; fileRef = 443B91C62CD895E1009A196A /* a3.wav */; };
		443B91D72CD895E1009A196A /* 1.wav in Resources */ = {isa = PBXBuildFile; fileRef = 443B91B82CD895E1009A196A /* 1.wav */; };
		4487D2702C9ECC9A0081AB77 /* AudiumApp.swift in Sources */ = {isa = PBXBuildFile; fileRef = 4487D26F2C9ECC9A0081AB77 /* AudiumApp.swift */; };
		4487D2722C9ECC9A0081AB77 /* ContentView.swift in Sources */ = {isa = PBXBuildFile; fileRef = 4487D2712C9ECC9A0081AB77 /* ContentView.swift */; };
		4487D2762C9ECC9C0081AB77 /* Assets.xcassets in Resources */ = {isa = PBXBuildFile; fileRef = 4487D2752C9ECC9C0081AB77 /* Assets.xcassets */; };
		4487D2792C9ECC9C0081AB77 /* Preview Assets.xcassets in Resources */ = {isa = PBXBuildFile; fileRef = 4487D2782C9ECC9C0081AB77 /* Preview Assets.xcassets */; };
		4487D28B2C9F31260081AB77 /* BeaconManager.swift in Sources */ = {isa = PBXBuildFile; fileRef = 4487D28A2C9F31260081AB77 /* BeaconManager.swift */; };
/* End PBXBuildFile section */

/* Begin PBXFileReference section */
		443B91B82CD895E1009A196A /* 1.wav */ = {isa = PBXFileReference; lastKnownFileType = audio.wav; path = 1.wav; sourceTree = "<group>"; };
		443B91B92CD895E1009A196A /* 2.wav */ = {isa = PBXFileReference; lastKnownFileType = audio.wav; path = 2.wav; sourceTree = "<group>"; };
		443B91BA2CD895E1009A196A /* 3.wav */ = {isa = PBXFileReference; lastKnownFileType = audio.wav; path = 3.wav; sourceTree = "<group>"; };
		443B91BB2CD895E1009A196A /* 4.wav */ = {isa = PBXFileReference; lastKnownFileType = audio.wav; path = 4.wav; sourceTree = "<group>"; };
		443B91BC2CD895E1009A196A /* 5.wav */ = {isa = PBXFileReference; lastKnownFileType = audio.wav; path = 5.wav; sourceTree = "<group>"; };
		443B91BD2CD895E1009A196A /* 6.wav */ = {isa = PBXFileReference; lastKnownFileType = audio.wav; path = 6.wav; sourceTree = "<group>"; };
		443B91BE2CD895E1009A196A /* 7.wav */ = {isa = PBXFileReference; lastKnownFileType = audio.wav; path = 7.wav; sourceTree = "<group>"; };
		443B91BF2CD895E1009A196A /* 8.wav */ = {isa = PBXFileReference; lastKnownFileType = audio.wav; path = 8.wav; sourceTree = "<group>"; };
		443B91C02CD895E1009A196A /* 9.wav */ = {isa = PBXFileReference; lastKnownFileType = audio.wav; path = 9.wav; sourceTree = "<group>"; };
		443B91C12CD895E1009A196A /* 10.wav */ = {isa = PBXFileReference; lastKnownFileType = audio.wav; path = 10.wav; sourceTree = "<group>"; };
		443B91C22CD895E1009A196A /* 11.wav */ = {isa = PBXFileReference; lastKnownFileType = audio.wav; path = 11.wav; sourceTree = "<group>"; };
		443B91C32CD895E1009A196A /* 12.wav */ = {isa = PBXFileReference; lastKnownFileType = audio.wav; path = 12.wav; sourceTree = "<group>"; };
		443B91C42CD895E1009A196A /* a1.wav */ = {isa = PBXFileReference; lastKnownFileType = audio.wav; path = a1.wav; sourceTree = "<group>"; };
		443B91C52CD895E1009A196A /* a2.wav */ = {isa = PBXFileReference; lastKnownFileType = audio.wav; path = a2.wav; sourceTree = "<group>"; };
		443B91C62CD895E1009A196A /* a3.wav */ = {isa = PBXFileReference; lastKnownFileType = audio.wav; path = a3.wav; sourceTree = "<group>"; };
		443B91C72CD895E1009A196A /* a4.wav */ = {isa = PBXFileReference; lastKnownFileType = audio.wav; path = a4.wav; sourceTree = "<group>"; };
		4487D26C2C9ECC9A0081AB77 /* Audium.app */ = {isa = PBXFileReference; explicitFileType = wrapper.application; includeInIndex = 0; path = Audium.app; sourceTree = BUILT_PRODUCTS_DIR; };
		4487D26F2C9ECC9A0081AB77 /* AudiumApp.swift */ = {isa = PBXFileReference; lastKnownFileType = sourcecode.swift; path = AudiumApp.swift; sourceTree = "<group>"; };
		4487D2712C9ECC9A0081AB77 /* ContentView.swift */ = {isa = PBXFileReference; lastKnownFileType = sourcecode.swift; path = ContentView.swift; sourceTree = "<group>"; };
		4487D2752C9ECC9C0081AB77 /* Assets.xcassets */ = {isa = PBXFileReference; lastKnownFileType = folder.assetcatalog; path = Assets.xcassets; sourceTree = "<group>"; };
		4487D2782C9ECC9C0081AB77 /* Preview Assets.xcassets */ = {isa = PBXFileReference; lastKnownFileType = folder.assetcatalog; path = "Preview Assets.xcassets"; sourceTree = "<group>"; };
		4487D2812C9ECD4C0081AB77 /* Info.plist */ = {isa = PBXFileReference; lastKnownFileType = text.plist; path = Info.plist; sourceTree = "<group>"; };
		4487D28A2C9F31260081AB77 /* BeaconManager.swift */ = {isa = PBXFileReference; lastKnownFileType = sourcecode.swift; path = BeaconManager.swift; sourceTree = "<group>"; };
/* End PBXFileReference section */

/* Begin PBXFrameworksBuildPhase section */
		4487D2692C9ECC9A0081AB77 /* Frameworks */ = {
			isa = PBXFrameworksBuildPhase;
			buildActionMask = 2147483647;
			files = (
			);
			runOnlyForDeploymentPostprocessing = 0;
		};
/* End PBXFrameworksBuildPhase section */

/* Begin PBXGroup section */
		447E1B362CA030EB00ABD960 /* Audio */ = {
			isa = PBXGroup;
			children = (
				443B91B82CD895E1009A196A /* 1.wav */,
				443B91B92CD895E1009A196A /* 2.wav */,
				443B91BA2CD895E1009A196A /* 3.wav */,
				443B91BB2CD895E1009A196A /* 4.wav */,
				443B91BC2CD895E1009A196A /* 5.wav */,
				443B91BD2CD895E1009A196A /* 6.wav */,
				443B91BE2CD895E1009A196A /* 7.wav */,
				443B91BF2CD895E1009A196A /* 8.wav */,
				443B91C02CD895E1009A196A /* 9.wav */,
				443B91C12CD895E1009A196A /* 10.wav */,
				443B91C22CD895E1009A196A /* 11.wav */,
				443B91C32CD895E1009A196A /* 12.wav */,
				443B91C42CD895E1009A196A /* a1.wav */,
				443B91C52CD895E1009A196A /* a2.wav */,
				443B91C62CD895E1009A196A /* a3.wav */,
				443B91C72CD895E1009A196A /* a4.wav */,
			);
			path = Audio;
			sourceTree = "<group>";
		};
		4487D2632C9ECC9A0081AB77 = {
			isa = PBXGroup;
			children = (
				4487D26E2C9ECC9A0081AB77 /* Audium */,
				4487D26D2C9ECC9A0081AB77 /* Products */,
			);
			sourceTree = "<group>";
		};
		4487D26D2C9ECC9A0081AB77 /* Products */ = {
			isa = PBXGroup;
			children = (
				4487D26C2C9ECC9A0081AB77 /* Audium.app */,
			);
			name = Products;
			sourceTree = "<group>";
		};
		4487D26E2C9ECC9A0081AB77 /* Audium */ = {
			isa = PBXGroup;
			children = (
				4487D2812C9ECD4C0081AB77 /* Info.plist */,
				447E1B362CA030EB00ABD960 /* Audio */,
				4487D26F2C9ECC9A0081AB77 /* AudiumApp.swift */,
				4487D28A2C9F31260081AB77 /* BeaconManager.swift */,
				4487D2712C9ECC9A0081AB77 /* ContentView.swift */,
				4487D2752C9ECC9C0081AB77 /* Assets.xcassets */,
				4487D2772C9ECC9C0081AB77 /* Preview Content */,
			);
			path = Audium;
			sourceTree = "<group>";
		};
		4487D2772C9ECC9C0081AB77 /* Preview Content */ = {
			isa = PBXGroup;
			children = (
				4487D2782C9ECC9C0081AB77 /* Preview Assets.xcassets */,
			);
			path = "Preview Content";
			sourceTree = "<group>";
		};
/* End PBXGroup section */

/* Begin PBXNativeTarget section */
		4487D26B2C9ECC9A0081AB77 /* Audium */ = {
			isa = PBXNativeTarget;
			buildConfigurationList = 4487D27C2C9ECC9C0081AB77 /* Build configuration list for PBXNativeTarget "Audium" */;
			buildPhases = (
				4487D2682C9ECC9A0081AB77 /* Sources */,
				4487D2692C9ECC9A0081AB77 /* Frameworks */,
				4487D26A2C9ECC9A0081AB77 /* Resources */,
			);
			buildRules = (
			);
			dependencies = (
			);
			name = Audium;
			productName = Audium;
			productReference = 4487D26C2C9ECC9A0081AB77 /* Audium.app */;
			productType = "com.apple.product-type.application";
		};
/* End PBXNativeTarget section */

/* Begin PBXProject section */
		4487D2642C9ECC9A0081AB77 /* Project object */ = {
			isa = PBXProject;
			attributes = {
				BuildIndependentTargetsInParallel = 1;
				LastSwiftUpdateCheck = 1530;
				LastUpgradeCheck = 1530;
				TargetAttributes = {
					4487D26B2C9ECC9A0081AB77 = {
						CreatedOnToolsVersion = 15.3;
					};
				};
			};
			buildConfigurationList = 4487D2672C9ECC9A0081AB77 /* Build configuration list for PBXProject "Audium" */;
			compatibilityVersion = "Xcode 14.0";
			developmentRegion = en;
			hasScannedForEncodings = 0;
			knownRegions = (
				en,
				Base,
			);
			mainGroup = 4487D2632C9ECC9A0081AB77;
			productRefGroup = 4487D26D2C9ECC9A0081AB77 /* Products */;
			projectDirPath = "";
			projectRoot = "";
			targets = (
				4487D26B2C9ECC9A0081AB77 /* Audium */,
			);
		};
/* End PBXProject section */

/* Begin PBXResourcesBuildPhase section */
		4487D26A2C9ECC9A0081AB77 /* Resources */ = {
			isa = PBXResourcesBuildPhase;
			buildActionMask = 2147483647;
			files = (
				443B91C82CD895E1009A196A /* 4.wav in Resources */,
				443B91C92CD895E1009A196A /* 9.wav in Resources */,
				443B91CA2CD895E1009A196A /* 11.wav in Resources */,
				443B91CB2CD895E1009A196A /* a2.wav in Resources */,
				443B91CC2CD895E1009A196A /* 8.wav in Resources */,
				443B91CD2CD895E1009A196A /* 10.wav in Resources */,
				443B91CE2CD895E1009A196A /* 12.wav in Resources */,
				443B91CF2CD895E1009A196A /* a4.wav in Resources */,
				443B91D02CD895E1009A196A /* 7.wav in Resources */,
				443B91D12CD895E1009A196A /* a1.wav in Resources */,
				443B91D22CD895E1009A196A /* 3.wav in Resources */,
				443B91D32CD895E1009A196A /* 2.wav in Resources */,
				443B91D42CD895E1009A196A /* 6.wav in Resources */,
				443B91D52CD895E1009A196A /* 5.wav in Resources */,
				443B91D62CD895E1009A196A /* a3.wav in Resources */,
				443B91D72CD895E1009A196A /* 1.wav in Resources */,
				4487D2792C9ECC9C0081AB77 /* Preview Assets.xcassets in Resources */,
				4487D2762C9ECC9C0081AB77 /* Assets.xcassets in Resources */,
			);
			runOnlyForDeploymentPostprocessing = 0;
		};
/* End PBXResourcesBuildPhase section */

/* Begin PBXSourcesBuildPhase section */
		4487D2682C9ECC9A0081AB77 /* Sources */ = {
			isa = PBXSourcesBuildPhase;
			buildActionMask = 2147483647;
			files = (
				4487D2722C9ECC9A0081AB77 /* ContentView.swift in Sources */,
				4487D2702C9ECC9A0081AB77 /* AudiumApp.swift in Sources */,
				4487D28B2C9F31260081AB77 /* BeaconManager.swift in Sources */,
			);
			runOnlyForDeploymentPostprocessing = 0;
		};
/* End PBXSourcesBuildPhase section */

/* Begin XCBuildConfiguration section */
		4487D27A2C9ECC9C0081AB77 /* Debug */ = {
			isa = XCBuildConfiguration;
			buildSettings = {
				ALWAYS_SEARCH_USER_PATHS = NO;
				ASSETCATALOG_COMPILER_GENERATE_SWIFT_ASSET_SYMBOL_EXTENSIONS = YES;
				CLANG_ANALYZER_NONNULL = YES;
				CLANG_ANALYZER_NUMBER_OBJECT_CONVERSION = YES_AGGRESSIVE;
				CLANG_CXX_LANGUAGE_STANDARD = "gnu++20";
				CLANG_ENABLE_MODULES = YES;
				CLANG_ENABLE_OBJC_ARC = YES;
				CLANG_ENABLE_OBJC_WEAK = YES;
				CLANG_WARN_BLOCK_CAPTURE_AUTORELEASING = YES;
				CLANG_WARN_BOOL_CONVERSION = YES;
				CLANG_WARN_COMMA = YES;
				CLANG_WARN_CONSTANT_CONVERSION = YES;
				CLANG_WARN_DEPRECATED_OBJC_IMPLEMENTATIONS = YES;
				CLANG_WARN_DIRECT_OBJC_ISA_USAGE = YES_ERROR;
				CLANG_WARN_DOCUMENTATION_COMMENTS = YES;
				CLANG_WARN_EMPTY_BODY = YES;
				CLANG_WARN_ENUM_CONVERSION = YES;
				CLANG_WARN_INFINITE_RECURSION = YES;
				CLANG_WARN_INT_CONVERSION = YES;
				CLANG_WARN_NON_LITERAL_NULL_CONVERSION = YES;
				CLANG_WARN_OBJC_IMPLICIT_RETAIN_SELF = YES;
				CLANG_WARN_OBJC_LITERAL_CONVERSION = YES;
				CLANG_WARN_OBJC_ROOT_CLASS = YES_ERROR;
				CLANG_WARN_QUOTED_INCLUDE_IN_FRAMEWORK_HEADER = YES;
				CLANG_WARN_RANGE_LOOP_ANALYSIS = YES;
				CLANG_WARN_STRICT_PROTOTYPES = YES;
				CLANG_WARN_SUSPICIOUS_MOVE = YES;
				CLANG_WARN_UNGUARDED_AVAILABILITY = YES_AGGRESSIVE;
				CLANG_WARN_UNREACHABLE_CODE = YES;
				CLANG_WARN__DUPLICATE_METHOD_MATCH = YES;
				COPY_PHASE_STRIP = NO;
				DEBUG_INFORMATION_FORMAT = dwarf;
				ENABLE_STRICT_OBJC_MSGSEND = YES;
				ENABLE_TESTABILITY = YES;
				ENABLE_USER_SCRIPT_SANDBOXING = YES;
				GCC_C_LANGUAGE_STANDARD = gnu17;
				GCC_DYNAMIC_NO_PIC = NO;
				GCC_NO_COMMON_BLOCKS = YES;
				GCC_OPTIMIZATION_LEVEL = 0;
				GCC_PREPROCESSOR_DEFINITIONS = (
					"DEBUG=1",
					"$(inherited)",
				);
				GCC_WARN_64_TO_32_BIT_CONVERSION = YES;
				GCC_WARN_ABOUT_RETURN_TYPE = YES_ERROR;
				GCC_WARN_UNDECLARED_SELECTOR = YES;
				GCC_WARN_UNINITIALIZED_AUTOS = YES_AGGRESSIVE;
				GCC_WARN_UNUSED_FUNCTION = YES;
				GCC_WARN_UNUSED_VARIABLE = YES;
				IPHONEOS_DEPLOYMENT_TARGET = 17.4;
				LOCALIZATION_PREFERS_STRING_CATALOGS = YES;
				MTL_ENABLE_DEBUG_INFO = INCLUDE_SOURCE;
				MTL_FAST_MATH = YES;
				ONLY_ACTIVE_ARCH = YES;
				SDKROOT = iphoneos;
				SWIFT_ACTIVE_COMPILATION_CONDITIONS = "DEBUG $(inherited)";
				SWIFT_OPTIMIZATION_LEVEL = "-Onone";
			};
			name = Debug;
		};
		4487D27B2C9ECC9C0081AB77 /* Release */ = {
			isa = XCBuildConfiguration;
			buildSettings = {
				ALWAYS_SEARCH_USER_PATHS = NO;
				ASSETCATALOG_COMPILER_GENERATE_SWIFT_ASSET_SYMBOL_EXTENSIONS = YES;
				CLANG_ANALYZER_NONNULL = YES;
				CLANG_ANALYZER_NUMBER_OBJECT_CONVERSION = YES_AGGRESSIVE;
				CLANG_CXX_LANGUAGE_STANDARD = "gnu++20";
				CLANG_ENABLE_MODULES = YES;
				CLANG_ENABLE_OBJC_ARC = YES;
				CLANG_ENABLE_OBJC_WEAK = YES;
				CLANG_WARN_BLOCK_CAPTURE_AUTORELEASING = YES;
				CLANG_WARN_BOOL_CONVERSION = YES;
				CLANG_WARN_COMMA = YES;
				CLANG_WARN_CONSTANT_CONVERSION = YES;
				CLANG_WARN_DEPRECATED_OBJC_IMPLEMENTATIONS = YES;
				CLANG_WARN_DIRECT_OBJC_ISA_USAGE = YES_ERROR;
				CLANG_WARN_DOCUMENTATION_COMMENTS = YES;
				CLANG_WARN_EMPTY_BODY = YES;
				CLANG_WARN_ENUM_CONVERSION = YES;
				CLANG_WARN_INFINITE_RECURSION = YES;
				CLANG_WARN_INT_CONVERSION = YES;
				CLANG_WARN_NON_LITERAL_NULL_CONVERSION = YES;
				CLANG_WARN_OBJC_IMPLICIT_RETAIN_SELF = YES;
				CLANG_WARN_OBJC_LITERAL_CONVERSION = YES;
				CLANG_WARN_OBJC_ROOT_CLASS = YES_ERROR;
				CLANG_WARN_QUOTED_INCLUDE_IN_FRAMEWORK_HEADER = YES;
				CLANG_WARN_RANGE_LOOP_ANALYSIS = YES;
				CLANG_WARN_STRICT_PROTOTYPES = YES;
				CLANG_WARN_SUSPICIOUS_MOVE = YES;
				CLANG_WARN_UNGUARDED_AVAILABILITY = YES_AGGRESSIVE;
				CLANG_WARN_UNREACHABLE_CODE = YES;
				CLANG_WARN__DUPLICATE_METHOD_MATCH = YES;
				COPY_PHASE_STRIP = NO;
				DEBUG_INFORMATION_FORMAT = "dwarf-with-dsym";
				ENABLE_NS_ASSERTIONS = NO;
				ENABLE_STRICT_OBJC_MSGSEND = YES;
				ENABLE_USER_SCRIPT_SANDBOXING = YES;
				GCC_C_LANGUAGE_STANDARD = gnu17;
				GCC_NO_COMMON_BLOCKS = YES;
				GCC_WARN_64_TO_32_BIT_CONVERSION = YES;
				GCC_WARN_ABOUT_RETURN_TYPE = YES_ERROR;
				GCC_WARN_UNDECLARED_SELECTOR = YES;
				GCC_WARN_UNINITIALIZED_AUTOS = YES_AGGRESSIVE;
				GCC_WARN_UNUSED_FUNCTION = YES;
				GCC_WARN_UNUSED_VARIABLE = YES;
				IPHONEOS_DEPLOYMENT_TARGET = 17.4;
				LOCALIZATION_PREFERS_STRING_CATALOGS = YES;
				MTL_ENABLE_DEBUG_INFO = NO;
				MTL_FAST_MATH = YES;
				SDKROOT = iphoneos;
				SWIFT_COMPILATION_MODE = wholemodule;
				VALIDATE_PRODUCT = YES;
			};
			name = Release;
		};
		4487D27D2C9ECC9C0081AB77 /* Debug */ = {
			isa = XCBuildConfiguration;
			buildSettings = {
				ASSETCATALOG_COMPILER_APPICON_NAME = AppIcon;
				ASSETCATALOG_COMPILER_GLOBAL_ACCENT_COLOR_NAME = AccentColor;
				CODE_SIGN_STYLE = Automatic;
				CURRENT_PROJECT_VERSION = 1;
				DEVELOPMENT_ASSET_PATHS = "\"Audium/Preview Content\"";
				DEVELOPMENT_TEAM = 87N548UZ24;
				ENABLE_PREVIEWS = YES;
				GENERATE_INFOPLIST_FILE = YES;
				INFOPLIST_FILE = Audium/Info.plist;
				INFOPLIST_KEY_NSBluetoothAlwaysUsageDescription = "Aplikasi ini memerlukan akses ke Bluetooth untuk mendeteksi beacon di sekitar Anda.";
				INFOPLIST_KEY_NSBluetoothPeripheralUsageDescription = "Aplikasi ini memerlukan akses ke Bluetooth untuk berfungsi sebagai peripheral.";
				INFOPLIST_KEY_NSLocationAlwaysUsageDescription = "Aplikasi ini memerlukan akses lokasi untuk mendeteksi beacon.";
				INFOPLIST_KEY_NSLocationWhenInUseUsageDescription = "Aplikasi ini memerlukan akses lokasi untuk mendeteksi beacon.";
				INFOPLIST_KEY_UIApplicationSceneManifest_Generation = YES;
				INFOPLIST_KEY_UIApplicationSupportsIndirectInputEvents = YES;
				INFOPLIST_KEY_UILaunchScreen_Generation = YES;
				INFOPLIST_KEY_UISupportedInterfaceOrientations_iPad = "UIInterfaceOrientationPortrait UIInterfaceOrientationPortraitUpsideDown UIInterfaceOrientationLandscapeLeft UIInterfaceOrientationLandscapeRight";
				INFOPLIST_KEY_UISupportedInterfaceOrientations_iPhone = "UIInterfaceOrientationPortrait UIInterfaceOrientationLandscapeLeft UIInterfaceOrientationLandscapeRight";
				LD_RUNPATH_SEARCH_PATHS = (
					"$(inherited)",
					"@executable_path/Frameworks",
				);
				MARKETING_VERSION = 1.0;
				PRODUCT_BUNDLE_IDENTIFIER = id.budionosiregar.Audium;
				PRODUCT_NAME = "$(TARGET_NAME)";
				SWIFT_EMIT_LOC_STRINGS = YES;
				SWIFT_VERSION = 5.0;
				TARGETED_DEVICE_FAMILY = "1,2";
			};
			name = Debug;
		};
		4487D27E2C9ECC9C0081AB77 /* Release */ = {
			isa = XCBuildConfiguration;
			buildSettings = {
				ASSETCATALOG_COMPILER_APPICON_NAME = AppIcon;
				ASSETCATALOG_COMPILER_GLOBAL_ACCENT_COLOR_NAME = AccentColor;
				CODE_SIGN_STYLE = Automatic;
				CURRENT_PROJECT_VERSION = 1;
				DEVELOPMENT_ASSET_PATHS = "\"Audium/Preview Content\"";
				DEVELOPMENT_TEAM = 87N548UZ24;
				ENABLE_PREVIEWS = YES;
				GENERATE_INFOPLIST_FILE = YES;
				INFOPLIST_FILE = Audium/Info.plist;
				INFOPLIST_KEY_NSBluetoothAlwaysUsageDescription = "Aplikasi ini memerlukan akses ke Bluetooth untuk mendeteksi beacon di sekitar Anda.";
				INFOPLIST_KEY_NSBluetoothPeripheralUsageDescription = "Aplikasi ini memerlukan akses ke Bluetooth untuk berfungsi sebagai peripheral.";
				INFOPLIST_KEY_NSLocationAlwaysUsageDescription = "Aplikasi ini memerlukan akses lokasi untuk mendeteksi beacon.";
				INFOPLIST_KEY_NSLocationWhenInUseUsageDescription = "Aplikasi ini memerlukan akses lokasi untuk mendeteksi beacon.";
				INFOPLIST_KEY_UIApplicationSceneManifest_Generation = YES;
				INFOPLIST_KEY_UIApplicationSupportsIndirectInputEvents = YES;
				INFOPLIST_KEY_UILaunchScreen_Generation = YES;
				INFOPLIST_KEY_UISupportedInterfaceOrientations_iPad = "UIInterfaceOrientationPortrait UIInterfaceOrientationPortraitUpsideDown UIInterfaceOrientationLandscapeLeft UIInterfaceOrientationLandscapeRight";
				INFOPLIST_KEY_UISupportedInterfaceOrientations_iPhone = "UIInterfaceOrientationPortrait UIInterfaceOrientationLandscapeLeft UIInterfaceOrientationLandscapeRight";
				LD_RUNPATH_SEARCH_PATHS = (
					"$(inherited)",
					"@executable_path/Frameworks",
				);
				MARKETING_VERSION = 1.0;
				PRODUCT_BUNDLE_IDENTIFIER = id.budionosiregar.Audium;
				PRODUCT_NAME = "$(TARGET_NAME)";
				SWIFT_EMIT_LOC_STRINGS = YES;
				SWIFT_VERSION = 5.0;
				TARGETED_DEVICE_FAMILY = "1,2";
			};
			name = Release;
		};
/* End XCBuildConfiguration section */

/* Begin XCConfigurationList section */
		4487D2672C9ECC9A0081AB77 /* Build configuration list for PBXProject "Audium" */ = {
			isa = XCConfigurationList;
			buildConfigurations = (
				4487D27A2C9ECC9C0081AB77 /* Debug */,
				4487D27B2C9ECC9C0081AB77 /* Release */,
			);
			defaultConfigurationIsVisible = 0;
			defaultConfigurationName = Release;
		};
		4487D27C2C9ECC9C0081AB77 /* Build configuration list for PBXNativeTarget "Audium" */ = {
			isa = XCConfigurationList;
			buildConfigurations = (
				4487D27D2C9ECC9C0081AB77 /* Debug */,
				4487D27E2C9ECC9C0081AB77 /* Release */,
			);
			defaultConfigurationIsVisible = 0;
			defaultConfigurationName = Release;
		};
/* End XCConfigurationList section */
	};
	rootObject = 4487D2642C9ECC9A0081AB77 /* Project object */;
}
